
Microsoft Visual Studio Solution File, Format Version 12.00
# Visual Studio Version 17
VisualStudioVersion = 17.9.34714.143
MinimumVisualStudioVersion = 10.0.40219.1
Project("{9A19103F-16F7-4668-BE54-9A1E7A4F7556}") = "Cookbook.Api", "Cookbook.Api\Cookbook.Api.csproj", "{4CABB99B-6D4D-4311-BE63-A8F5152636CB}"
EndProject
Project("{9A19103F-16F7-4668-BE54-9A1E7A4F7556}") = "Cookbook.Client", "Cookbook.Client\Cookbook.Client.csproj", "{805549A5-47C4-4708-87C4-9C2E14A92E1D}"
EndProject
Project("{9A19103F-16F7-4668-BE54-9A1E7A4F7556}") = "Cookbook.Models", "Cookbook.Models\Cookbook.Models.csproj", "{03158800-9C2B-4CA4-86D1-AB538DFE7C9C}"
EndProject
Global
	GlobalSection(SolutionConfigurationPlatforms) = preSolution
		Debug|Any CPU = Debug|Any CPU
		Release|Any CPU = Release|Any CPU
	EndGlobalSection
	GlobalSection(ProjectConfigurationPlatforms) = postSolution
		{4CABB99B-6D4D-4311-BE63-A8F5152636CB}.Debug|Any CPU.ActiveCfg = Debug|Any CPU
		{4CABB99B-6D4D-4311-BE63-A8F5152636CB}.Debug|Any CPU.Build.0 = Debug|Any CPU
		{4CABB99B-6D4D-4311-BE63-A8F5152636CB}.Release|Any CPU.ActiveCfg = Release|Any CPU
		{4CABB99B-6D4D-4311-BE63-A8F5152636CB}.Release|Any CPU.Build.0 = Release|Any CPU
		{805549A5-47C4-4708-87C4-9C2E14A92E1D}.Debug|Any CPU.ActiveCfg = Debug|Any CPU
		{805549A5-47C4-4708-87C4-9C2E14A92E1D}.Debug|Any CPU.Build.0 = Debug|Any CPU
		{805549A5-47C4-4708-87C4-9C2E14A92E1D}.Release|Any CPU.ActiveCfg = Release|Any CPU
		{805549A5-47C4-4708-87C4-9C2E14A92E1D}.Release|Any CPU.Build.0 = Release|Any CPU
		{03158800-9C2B-4CA4-86D1-AB538DFE7C9C}.Debug|Any CPU.ActiveCfg = Debug|Any CPU
		{03158800-9C2B-4CA4-86D1-AB538DFE7C9C}.Debug|Any CPU.Build.0 = Debug|Any CPU
		{03158800-9C2B-4CA4-86D1-AB538DFE7C9C}.Release|Any CPU.ActiveCfg = Release|Any CPU
		{03158800-9C2B-4CA4-86D1-AB538DFE7C9C}.Release|Any CPU.Build.0 = Release|Any CPU
	EndGlobalSection
	GlobalSection(SolutionProperties) = preSolution
		HideSolutionNode = FALSE
	EndGlobalSection
	GlobalSection(ExtensibilityGlobals) = postSolution
		SolutionGuid = {B5CD8A86-986B-4D7E-9B82-64A9ECCFE630}
	EndGlobalSection
EndGlobal
